Microsoft Visual Studio Solution File, Format Version 12.00
# Visual Studio 2013
VisualStudioVersion = 12.0.21005.1
MinimumVisualStudioVersion = 10.0.40219.1
Project("{E24C65DC-7377-472B-9ABA-BC803B73C61A}") = "OldDemo", "OldDemo\", "{64053E2D-2321-46C2-815D-705874CA0781}"
	ProjectSection(WebsiteProperties) = preProject
		TargetFrameworkMoniker = ".NETFramework,Version%3Dv4.0"
		Debug.AspNetCompiler.VirtualPath = "/localhost_16203"
		Debug.AspNetCompiler.PhysicalPath = "OldDemo\"
		Debug.AspNetCompiler.TargetPath = "PrecompiledWeb\localhost_16203\"
		Debug.AspNetCompiler.Updateable = "true"
		Debug.AspNetCompiler.ForceOverwrite = "true"
		Debug.AspNetCompiler.FixedNames = "false"
		Debug.AspNetCompiler.Debug = "True"
		Release.AspNetCompiler.VirtualPath = "/localhost_16203"
		Release.AspNetCompiler.PhysicalPath = "OldDemo\"
		Release.AspNetCompiler.TargetPath = "PrecompiledWeb\localhost_16203\"
		Release.AspNetCompiler.Updateable = "true"
		Release.AspNetCompiler.ForceOverwrite = "true"
		Release.AspNetCompiler.FixedNames = "false"
		Release.AspNetCompiler.Debug = "False"
		VWDPort = "16203"
		SlnRelativePath = "OldDemo\"
	EndProjectSection
EndProject
Project("{E24C65DC-7377-472B-9ABA-BC803B73C61A}") = "Mobile", "Mobile\", "{9A2FEB0F-637D-45B3-ADBF-B500563E7D77}"
	ProjectSection(WebsiteProperties) = preProject
		TargetFrameworkMoniker = ".NETFramework,Version%3Dv4.0"
		Debug.AspNetCompiler.VirtualPath = "/localhost_16206"
		Debug.AspNetCompiler.PhysicalPath = "Mobile\"
		Debug.AspNetCompiler.TargetPath = "PrecompiledWeb\localhost_16206\"
		Debug.AspNetCompiler.Updateable = "true"
		Debug.AspNetCompiler.ForceOverwrite = "true"
		Debug.AspNetCompiler.FixedNames = "false"
		Debug.AspNetCompiler.Debug = "True"
		Release.AspNetCompiler.VirtualPath = "/localhost_16206"
		Release.AspNetCompiler.PhysicalPath = "Mobile\"
		Release.AspNetCompiler.TargetPath = "PrecompiledWeb\localhost_16206\"
		Release.AspNetCompiler.Updateable = "true"
		Release.AspNetCompiler.ForceOverwrite = "true"
		Release.AspNetCompiler.FixedNames = "false"
		Release.AspNetCompiler.Debug = "False"
		VWDPort = "16206"
		SlnRelativePath = "Mobile\"
	EndProjectSection
EndProject
Project("{FAE04EC0-301F-11D3-BF4B-00C04F79EFBC}") = "testDll", "testDll\testDll.csproj", "{C3411A6B-7947-4DE6-B3E7-DAF614220FF2}"
EndProject
Global
	GlobalSection(SolutionConfigurationPlatforms) = preSolution
		Debug|Any CPU = Debug|Any CPU
		Release|Any CPU = Release|Any CPU
	EndGlobalSection
	GlobalSection(ProjectConfigurationPlatforms) = postSolution
		{64053E2D-2321-46C2-815D-705874CA0781}.Debug|Any CPU.ActiveCfg = Debug|Any CPU
		{64053E2D-2321-46C2-815D-705874CA0781}.Debug|Any CPU.Build.0 = Debug|Any CPU
		{64053E2D-2321-46C2-815D-705874CA0781}.Release|Any CPU.ActiveCfg = Debug|Any CPU
		{64053E2D-2321-46C2-815D-705874CA0781}.Release|Any CPU.Build.0 = Debug|Any CPU
		{9A2FEB0F-637D-45B3-ADBF-B500563E7D77}.Debug|Any CPU.ActiveCfg = Debug|Any CPU
		{9A2FEB0F-637D-45B3-ADBF-B500563E7D77}.Debug|Any CPU.Build.0 = Debug|Any CPU
		{9A2FEB0F-637D-45B3-ADBF-B500563E7D77}.Release|Any CPU.ActiveCfg = Debug|Any CPU
		{9A2FEB0F-637D-45B3-ADBF-B500563E7D77}.Release|Any CPU.Build.0 = Debug|Any CPU
		{C3411A6B-7947-4DE6-B3E7-DAF614220FF2}.Debug|Any CPU.ActiveCfg = Debug|Any CPU
		{C3411A6B-7947-4DE6-B3E7-DAF614220FF2}.Debug|Any CPU.Build.0 = Debug|Any CPU
		{C3411A6B-7947-4DE6-B3E7-DAF614220FF2}.Release|Any CPU.ActiveCfg = Release|Any CPU
		{C3411A6B-7947-4DE6-B3E7-DAF614220FF2}.Release|Any CPU.Build.0 = Release|Any CPU
	EndGlobalSection
	GlobalSection(SolutionProperties) = preSolution
		HideSolutionNode = FALSE
	EndGlobalSection
EndGlobal
